
Microsoft Visual Studio Solution File, Format Version 11.00
# Visual Studio 2010
Project("{FAE04EC0-301F-11D3-BF4B-00C04F79EFBC}") = "RemoteClass", "RemoteClass\RemoteClass.csproj", "{699580DF-5193-40AA-8663-3B01BDDEBA1D}"
EndProject
Project("{FAE04EC0-301F-11D3-BF4B-00C04F79EFBC}") = "ActiveMQ.Examples", "ActiveMQ.Examples\ActiveMQ.Examples.csproj", "{E494FA2C-E915-4F41-AA5F-4232A36F49AA}"
EndProject
Project("{FAE04EC0-301F-11D3-BF4B-00C04F79EFBC}") = "RemotingApp", "RemotingApp\RemotingApp.csproj", "{BAD6DB35-C03B-4AF9-A77B-124154B00C1A}"
EndProject
Project("{FAE04EC0-301F-11D3-BF4B-00C04F79EFBC}") = "TestRemoteClass", "TestRemoteClass\TestRemoteClass.csproj", "{55002B2E-C3CF-45DC-829E-F4F24EBE0F89}"
EndProject
Project("{2150E333-8FDC-42A3-9474-1A3956D46DE8}") = "Solution Items", "Solution Items", "{857BFA2A-3DFA-46AA-8663-3DF632514E87}"
	ProjectSection(SolutionItems) = preProject
		Local.testsettings = Local.testsettings
		mremoted.vsmdi = mremoted.vsmdi
		TraceAndTestImpact.testsettings = TraceAndTestImpact.testsettings
	EndProjectSection
EndProject
Project("{FAE04EC0-301F-11D3-BF4B-00C04F79EFBC}") = "website", "website\website.csproj", "{1640FFE5-E6D6-4D94-9D85-9A78A44B5EC8}"
EndProject
Global
	GlobalSection(TestCaseManagementSettings) = postSolution
		CategoryFile = mremoted.vsmdi
	EndGlobalSection
	GlobalSection(SolutionConfigurationPlatforms) = preSolution
		Debug|Any CPU = Debug|Any CPU
		Debug|Mixed Platforms = Debug|Mixed Platforms
		Debug|x86 = Debug|x86
		Release|Any CPU = Release|Any CPU
		Release|Mixed Platforms = Release|Mixed Platforms
		Release|x86 = Release|x86
	EndGlobalSection
	GlobalSection(ProjectConfigurationPlatforms) = postSolution
		{699580DF-5193-40AA-8663-3B01BDDEBA1D}.Debug|Any CPU.ActiveCfg = Debug|Any CPU
		{699580DF-5193-40AA-8663-3B01BDDEBA1D}.Debug|Any CPU.Build.0 = Debug|Any CPU
		{699580DF-5193-40AA-8663-3B01BDDEBA1D}.Debug|Mixed Platforms.ActiveCfg = Debug|Any CPU
		{699580DF-5193-40AA-8663-3B01BDDEBA1D}.Debug|Mixed Platforms.Build.0 = Debug|Any CPU
		{699580DF-5193-40AA-8663-3B01BDDEBA1D}.Debug|x86.ActiveCfg = Debug|Any CPU
		{699580DF-5193-40AA-8663-3B01BDDEBA1D}.Release|Any CPU.ActiveCfg = Release|Any CPU
		{699580DF-5193-40AA-8663-3B01BDDEBA1D}.Release|Any CPU.Build.0 = Release|Any CPU
		{699580DF-5193-40AA-8663-3B01BDDEBA1D}.Release|Mixed Platforms.ActiveCfg = Release|Any CPU
		{699580DF-5193-40AA-8663-3B01BDDEBA1D}.Release|Mixed Platforms.Build.0 = Release|Any CPU
		{699580DF-5193-40AA-8663-3B01BDDEBA1D}.Release|x86.ActiveCfg = Release|Any CPU
		{E494FA2C-E915-4F41-AA5F-4232A36F49AA}.Debug|Any CPU.ActiveCfg = Debug|Any CPU
		{E494FA2C-E915-4F41-AA5F-4232A36F49AA}.Debug|Any CPU.Build.0 = Debug|Any CPU
		{E494FA2C-E915-4F41-AA5F-4232A36F49AA}.Debug|Mixed Platforms.ActiveCfg = Debug|Any CPU
		{E494FA2C-E915-4F41-AA5F-4232A36F49AA}.Debug|Mixed Platforms.Build.0 = Debug|Any CPU
		{E494FA2C-E915-4F41-AA5F-4232A36F49AA}.Debug|x86.ActiveCfg = Debug|Any CPU
		{E494FA2C-E915-4F41-AA5F-4232A36F49AA}.Release|Any CPU.ActiveCfg = Release|Any CPU
		{E494FA2C-E915-4F41-AA5F-4232A36F49AA}.Release|Any CPU.Build.0 = Release|Any CPU
		{E494FA2C-E915-4F41-AA5F-4232A36F49AA}.Release|Mixed Platforms.ActiveCfg = Release|Any CPU
		{E494FA2C-E915-4F41-AA5F-4232A36F49AA}.Release|Mixed Platforms.Build.0 = Release|Any CPU
		{E494FA2C-E915-4F41-AA5F-4232A36F49AA}.Release|x86.ActiveCfg = Release|Any CPU
		{BAD6DB35-C03B-4AF9-A77B-124154B00C1A}.Debug|Any CPU.ActiveCfg = Debug|x86
		{BAD6DB35-C03B-4AF9-A77B-124154B00C1A}.Debug|Mixed Platforms.ActiveCfg = Debug|x86
		{BAD6DB35-C03B-4AF9-A77B-124154B00C1A}.Debug|Mixed Platforms.Build.0 = Debug|x86
		{BAD6DB35-C03B-4AF9-A77B-124154B00C1A}.Debug|x86.ActiveCfg = Debug|x86
		{BAD6DB35-C03B-4AF9-A77B-124154B00C1A}.Debug|x86.Build.0 = Debug|x86
		{BAD6DB35-C03B-4AF9-A77B-124154B00C1A}.Release|Any CPU.ActiveCfg = Release|x86
		{BAD6DB35-C03B-4AF9-A77B-124154B00C1A}.Release|Mixed Platforms.ActiveCfg = Release|x86
		{BAD6DB35-C03B-4AF9-A77B-124154B00C1A}.Release|Mixed Platforms.Build.0 = Release|x86
		{BAD6DB35-C03B-4AF9-A77B-124154B00C1A}.Release|x86.ActiveCfg = Release|x86
		{BAD6DB35-C03B-4AF9-A77B-124154B00C1A}.Release|x86.Build.0 = Release|x86
		{55002B2E-C3CF-45DC-829E-F4F24EBE0F89}.Debug|Any CPU.ActiveCfg = Debug|Any CPU
		{55002B2E-C3CF-45DC-829E-F4F24EBE0F89}.Debug|Any CPU.Build.0 = Debug|Any CPU
		{55002B2E-C3CF-45DC-829E-F4F24EBE0F89}.Debug|Mixed Platforms.ActiveCfg = Debug|Any CPU
		{55002B2E-C3CF-45DC-829E-F4F24EBE0F89}.Debug|Mixed Platforms.Build.0 = Debug|Any CPU
		{55002B2E-C3CF-45DC-829E-F4F24EBE0F89}.Debug|x86.ActiveCfg = Debug|Any CPU
		{55002B2E-C3CF-45DC-829E-F4F24EBE0F89}.Release|Any CPU.ActiveCfg = Release|Any CPU
		{55002B2E-C3CF-45DC-829E-F4F24EBE0F89}.Release|Any CPU.Build.0 = Release|Any CPU
		{55002B2E-C3CF-45DC-829E-F4F24EBE0F89}.Release|Mixed Platforms.ActiveCfg = Release|Any CPU
		{55002B2E-C3CF-45DC-829E-F4F24EBE0F89}.Release|Mixed Platforms.Build.0 = Release|Any CPU
		{55002B2E-C3CF-45DC-829E-F4F24EBE0F89}.Release|x86.ActiveCfg = Release|Any CPU
		{1640FFE5-E6D6-4D94-9D85-9A78A44B5EC8}.Debug|Any CPU.ActiveCfg = Debug|Any CPU
		{1640FFE5-E6D6-4D94-9D85-9A78A44B5EC8}.Debug|Any CPU.Build.0 = Debug|Any CPU
		{1640FFE5-E6D6-4D94-9D85-9A78A44B5EC8}.Debug|Mixed Platforms.ActiveCfg = Debug|Any CPU
		{1640FFE5-E6D6-4D94-9D85-9A78A44B5EC8}.Debug|Mixed Platforms.Build.0 = Debug|Any CPU
		{1640FFE5-E6D6-4D94-9D85-9A78A44B5EC8}.Debug|x86.ActiveCfg = Debug|Any CPU
		{1640FFE5-E6D6-4D94-9D85-9A78A44B5EC8}.Release|Any CPU.ActiveCfg = Release|Any CPU
		{1640FFE5-E6D6-4D94-9D85-9A78A44B5EC8}.Release|Any CPU.Build.0 = Release|Any CPU
		{1640FFE5-E6D6-4D94-9D85-9A78A44B5EC8}.Release|Mixed Platforms.ActiveCfg = Release|Any CPU
		{1640FFE5-E6D6-4D94-9D85-9A78A44B5EC8}.Release|Mixed Platforms.Build.0 = Release|Any CPU
		{1640FFE5-E6D6-4D94-9D85-9A78A44B5EC8}.Release|x86.ActiveCfg = Release|Any CPU
	EndGlobalSection
	GlobalSection(SolutionProperties) = preSolution
		HideSolutionNode = FALSE
	EndGlobalSection
	GlobalSection(MonoDevelopProperties) = preSolution
		StartupItem = TestNMS\TestNMS.csproj
		Policies = $0
		$0.TextStylePolicy = $1
		$1.inheritsSet = null
		$1.scope = text/x-csharp
		$0.CSharpFormattingPolicy = $2
		$2.inheritsSet = Mono
		$2.inheritsScope = text/x-csharp
		$2.scope = text/x-csharp
		$0.TextStylePolicy = $3
		$3.FileWidth = 120
		$3.TabWidth = 4
		$3.inheritsSet = Mono
		$3.inheritsScope = text/plain
		$3.scope = text/plain
		$0.TextStylePolicy = $4
		$4.inheritsSet = null
		$4.scope = application/config+xml
		$0.XmlFormattingPolicy = $5
		$5.inheritsSet = null
		$5.scope = application/config+xml
		$0.TextStylePolicy = $6
		$6.inheritsSet = null
		$6.scope = application/xml
		$0.XmlFormattingPolicy = $7
		$7.inheritsSet = Mono
		$7.inheritsScope = application/xml
		$7.scope = application/xml
		$0.StandardHeader = $8
		$8.Text = 
		$8.inheritsSet = Apache2License
		$0.VersionControlPolicy = $9
		$9.inheritsSet = Mono
		$0.ChangeLogPolicy = $10
		$10.UpdateMode = None
		$10.MessageStyle = $11
		$11.LineAlign = 0
		$10.inheritsSet = Mono
	EndGlobalSection
EndGlobal
